
Microsoft Visual Studio Solution File, Format Version 12.00
# Visual Studio Version 17
VisualStudioVersion = 17.14.36301.6 d17.14
MinimumVisualStudioVersion = 10.0.40219.1
Project("{2150E333-8FDC-42A3-9474-1A3956D46DE8}") = "Solution Items", "Solution Items", "{6ACBE404-7FD8-495B-B349-A642C5B8A782}"
	ProjectSection(SolutionItems) = preProject
		DeepBIMApp\.gitignore = DeepBIMApp\.gitignore
		DeepBIMApp\Build\Build.Configuration.cs = DeepBIMApp\Build\Build.Configuration.cs
		DeepBIMApp\Changelog.md = DeepBIMApp\Changelog.md
		DeepBIMApp\Readme.md = DeepBIMApp\Readme.md
	EndProjectSection
EndProject
Project("{2150E333-8FDC-42A3-9474-1A3956D46DE8}") = "Automation", "Automation", "{50E370FB-D097-4145-A09A-254DE86DD0B0}"
EndProject
Project("{FAE04EC0-301F-11D3-BF4B-00C04F79EFBC}") = "Build", "DeepBIMApp\build\Build.csproj", "{7E219FA1-CD4F-44C0-834D-1119828DEEF5}"
EndProject
Project("{FAE04EC0-301F-11D3-BF4B-00C04F79EFBC}") = "Installer", "DeepBIMApp\install\Installer.csproj", "{ECFBD455-F335-4010-A117-24456F308AA1}"
EndProject
Global
	GlobalSection(SolutionConfigurationPlatforms) = preSolution
		Debug R21|Any CPU = Debug R21|Any CPU
		Debug R22|Any CPU = Debug R22|Any CPU
		Debug R23|Any CPU = Debug R23|Any CPU
		Debug R24|Any CPU = Debug R24|Any CPU
		Debug R25|Any CPU = Debug R25|Any CPU
		Debug R26|Any CPU = Debug R26|Any CPU
		Debug|Any CPU = Debug|Any CPU
		Release R21|Any CPU = Release R21|Any CPU
		Release R22|Any CPU = Release R22|Any CPU
		Release R23|Any CPU = Release R23|Any CPU
		Release R24|Any CPU = Release R24|Any CPU
		Release R25|Any CPU = Release R25|Any CPU
		Release R26|Any CPU = Release R26|Any CPU
		Release|Any CPU = Release|Any CPU
	EndGlobalSection
	GlobalSection(ProjectConfigurationPlatforms) = postSolution
		{7E219FA1-CD4F-44C0-834D-1119828DEEF5}.Debug R21|Any CPU.ActiveCfg = Debug|Any CPU
		{7E219FA1-CD4F-44C0-834D-1119828DEEF5}.Debug R22|Any CPU.ActiveCfg = Debug|Any CPU
		{7E219FA1-CD4F-44C0-834D-1119828DEEF5}.Debug R23|Any CPU.ActiveCfg = Debug|Any CPU
		{7E219FA1-CD4F-44C0-834D-1119828DEEF5}.Debug R24|Any CPU.ActiveCfg = Debug|Any CPU
		{7E219FA1-CD4F-44C0-834D-1119828DEEF5}.Debug R25|Any CPU.ActiveCfg = Debug|Any CPU
		{7E219FA1-CD4F-44C0-834D-1119828DEEF5}.Debug R26|Any CPU.ActiveCfg = Debug|Any CPU
		{7E219FA1-CD4F-44C0-834D-1119828DEEF5}.Debug|Any CPU.ActiveCfg = Debug|Any CPU
		{7E219FA1-CD4F-44C0-834D-1119828DEEF5}.Debug|Any CPU.Build.0 = Debug|Any CPU
		{7E219FA1-CD4F-44C0-834D-1119828DEEF5}.Release R21|Any CPU.ActiveCfg = Release|Any CPU
		{7E219FA1-CD4F-44C0-834D-1119828DEEF5}.Release R22|Any CPU.ActiveCfg = Release|Any CPU
		{7E219FA1-CD4F-44C0-834D-1119828DEEF5}.Release R23|Any CPU.ActiveCfg = Release|Any CPU
		{7E219FA1-CD4F-44C0-834D-1119828DEEF5}.Release R24|Any CPU.ActiveCfg = Release|Any CPU
		{7E219FA1-CD4F-44C0-834D-1119828DEEF5}.Release R25|Any CPU.ActiveCfg = Release|Any CPU
		{7E219FA1-CD4F-44C0-834D-1119828DEEF5}.Release R26|Any CPU.ActiveCfg = Release|Any CPU
		{7E219FA1-CD4F-44C0-834D-1119828DEEF5}.Release|Any CPU.ActiveCfg = Release|Any CPU
		{7E219FA1-CD4F-44C0-834D-1119828DEEF5}.Release|Any CPU.Build.0 = Release|Any CPU
		{ECFBD455-F335-4010-A117-24456F308AA1}.Debug R21|Any CPU.ActiveCfg = Debug|Any CPU
		{ECFBD455-F335-4010-A117-24456F308AA1}.Debug R22|Any CPU.ActiveCfg = Debug|Any CPU
		{ECFBD455-F335-4010-A117-24456F308AA1}.Debug R23|Any CPU.ActiveCfg = Debug|Any CPU
		{ECFBD455-F335-4010-A117-24456F308AA1}.Debug R24|Any CPU.ActiveCfg = Debug|Any CPU
		{ECFBD455-F335-4010-A117-24456F308AA1}.Debug R25|Any CPU.ActiveCfg = Debug|Any CPU
		{ECFBD455-F335-4010-A117-24456F308AA1}.Debug R26|Any CPU.ActiveCfg = Debug|Any CPU
		{ECFBD455-F335-4010-A117-24456F308AA1}.Debug|Any CPU.ActiveCfg = Debug|Any CPU
		{ECFBD455-F335-4010-A117-24456F308AA1}.Debug|Any CPU.Build.0 = Debug|Any CPU
		{ECFBD455-F335-4010-A117-24456F308AA1}.Release R21|Any CPU.ActiveCfg = Release|Any CPU
		{ECFBD455-F335-4010-A117-24456F308AA1}.Release R22|Any CPU.ActiveCfg = Release|Any CPU
		{ECFBD455-F335-4010-A117-24456F308AA1}.Release R23|Any CPU.ActiveCfg = Release|Any CPU
		{ECFBD455-F335-4010-A117-24456F308AA1}.Release R24|Any CPU.ActiveCfg = Release|Any CPU
		{ECFBD455-F335-4010-A117-24456F308AA1}.Release R25|Any CPU.ActiveCfg = Release|Any CPU
		{ECFBD455-F335-4010-A117-24456F308AA1}.Release R26|Any CPU.ActiveCfg = Release|Any CPU
		{ECFBD455-F335-4010-A117-24456F308AA1}.Release|Any CPU.ActiveCfg = Release|Any CPU
		{ECFBD455-F335-4010-A117-24456F308AA1}.Release|Any CPU.Build.0 = Release|Any CPU
	EndGlobalSection
	GlobalSection(SolutionProperties) = preSolution
		HideSolutionNode = FALSE
	EndGlobalSection
	GlobalSection(NestedProjects) = preSolution
		{7E219FA1-CD4F-44C0-834D-1119828DEEF5} = {50E370FB-D097-4145-A09A-254DE86DD0B0}
		{ECFBD455-F335-4010-A117-24456F308AA1} = {50E370FB-D097-4145-A09A-254DE86DD0B0}
	EndGlobalSection
	GlobalSection(ExtensibilityGlobals) = postSolution
		SolutionGuid = {BCBD7671-8BAD-4058-B9D8-36F0BDB0B95F}
	EndGlobalSection
EndGlobal
